
Microsoft Visual Studio Solution File, Format Version 12.00
Project("{2150E333-8FDC-42A3-9474-1A3956D46DE8}") = "src", "src", "{3601C6F6-6DDB-4B3C-93D6-F9B25AA62A88}"
EndProject
Project("{2150E333-8FDC-42A3-9474-1A3956D46DE8}") = "tests", "tests", "{B113769B-5AB9-4080-B277-683F5974D565}"
EndProject
Project("{2150E333-8FDC-42A3-9474-1A3956D46DE8}") = "Core", "Core", "{63985E8F-E394-4C8E-8601-6104D40B4841}"
EndProject
Project("{2150E333-8FDC-42A3-9474-1A3956D46DE8}") = "API", "API", "{8B2DF9B7-D5BF-477F-AECC-ADB2D53CC302}"
EndProject
Project("{2150E333-8FDC-42A3-9474-1A3956D46DE8}") = "Infrastructure", "Infrastructure", "{4DC55EC8-49B9-4328-AC27-2CD31BE8AE4F}"
EndProject
Project("{FAE04EC0-301F-11D3-BF4B-00C04F79EFBC}") = "ScriptShoes.API", "src\ScriptShoes.API\ScriptShoes.API.csproj", "{7512D016-C1EA-4288-8C8F-55D2ECFBC144}"
EndProject
Project("{FAE04EC0-301F-11D3-BF4B-00C04F79EFBC}") = "ScriptShoes.Domain", "src\ScriptShoes.Domain\ScriptShoes.Domain.csproj", "{7E54B619-8B95-4CC4-9053-B37DEEC40B22}"
EndProject
Project("{FAE04EC0-301F-11D3-BF4B-00C04F79EFBC}") = "ScriptShoes.Application", "src\ScriptShoes.Application\ScriptShoes.Application.csproj", "{F53BD7A5-29CD-488B-A7FD-47BDA253B7A3}"
EndProject
Project("{FAE04EC0-301F-11D3-BF4B-00C04F79EFBC}") = "ScriptShoes.Infrastructure", "src\ScriptShoes.Infrastructure\ScriptShoes.Infrastructure.csproj", "{B7FFEEA5-D0AB-49D5-891A-36E81B44D10A}"
EndProject
Project("{FAE04EC0-301F-11D3-BF4B-00C04F79EFBC}") = "ScriptShoes.Application.Tests", "tests\ScriptShoes.Application.Tests\ScriptShoes.Application.Tests.csproj", "{49955064-C45B-466A-BBE2-EC59EB5EDE09}"
EndProject
Project("{FAE04EC0-301F-11D3-BF4B-00C04F79EFBC}") = "ScriptShoes.InfrastructureTests", "tests\ScriptShoes.InfrastructureTests\ScriptShoes.InfrastructureTests.csproj", "{AD07F93E-036E-4360-BD89-C207A414C974}"
EndProject
Global
	GlobalSection(SolutionConfigurationPlatforms) = preSolution
		Debug|Any CPU = Debug|Any CPU
		Release|Any CPU = Release|Any CPU
	EndGlobalSection
	GlobalSection(NestedProjects) = preSolution
		{63985E8F-E394-4C8E-8601-6104D40B4841} = {3601C6F6-6DDB-4B3C-93D6-F9B25AA62A88}
		{8B2DF9B7-D5BF-477F-AECC-ADB2D53CC302} = {3601C6F6-6DDB-4B3C-93D6-F9B25AA62A88}
		{4DC55EC8-49B9-4328-AC27-2CD31BE8AE4F} = {3601C6F6-6DDB-4B3C-93D6-F9B25AA62A88}
		{7512D016-C1EA-4288-8C8F-55D2ECFBC144} = {8B2DF9B7-D5BF-477F-AECC-ADB2D53CC302}
		{7E54B619-8B95-4CC4-9053-B37DEEC40B22} = {63985E8F-E394-4C8E-8601-6104D40B4841}
		{F53BD7A5-29CD-488B-A7FD-47BDA253B7A3} = {63985E8F-E394-4C8E-8601-6104D40B4841}
		{B7FFEEA5-D0AB-49D5-891A-36E81B44D10A} = {4DC55EC8-49B9-4328-AC27-2CD31BE8AE4F}
		{49955064-C45B-466A-BBE2-EC59EB5EDE09} = {B113769B-5AB9-4080-B277-683F5974D565}
		{AD07F93E-036E-4360-BD89-C207A414C974} = {B113769B-5AB9-4080-B277-683F5974D565}
	EndGlobalSection
	GlobalSection(ProjectConfigurationPlatforms) = postSolution
		{7512D016-C1EA-4288-8C8F-55D2ECFBC144}.Debug|Any CPU.ActiveCfg = Debug|Any CPU
		{7512D016-C1EA-4288-8C8F-55D2ECFBC144}.Debug|Any CPU.Build.0 = Debug|Any CPU
		{7512D016-C1EA-4288-8C8F-55D2ECFBC144}.Release|Any CPU.ActiveCfg = Release|Any CPU
		{7512D016-C1EA-4288-8C8F-55D2ECFBC144}.Release|Any CPU.Build.0 = Release|Any CPU
		{7E54B619-8B95-4CC4-9053-B37DEEC40B22}.Debug|Any CPU.ActiveCfg = Debug|Any CPU
		{7E54B619-8B95-4CC4-9053-B37DEEC40B22}.Debug|Any CPU.Build.0 = Debug|Any CPU
		{7E54B619-8B95-4CC4-9053-B37DEEC40B22}.Release|Any CPU.ActiveCfg = Release|Any CPU
		{7E54B619-8B95-4CC4-9053-B37DEEC40B22}.Release|Any CPU.Build.0 = Release|Any CPU
		{F53BD7A5-29CD-488B-A7FD-47BDA253B7A3}.Debug|Any CPU.ActiveCfg = Debug|Any CPU
		{F53BD7A5-29CD-488B-A7FD-47BDA253B7A3}.Debug|Any CPU.Build.0 = Debug|Any CPU
		{F53BD7A5-29CD-488B-A7FD-47BDA253B7A3}.Release|Any CPU.ActiveCfg = Release|Any CPU
		{F53BD7A5-29CD-488B-A7FD-47BDA253B7A3}.Release|Any CPU.Build.0 = Release|Any CPU
		{B7FFEEA5-D0AB-49D5-891A-36E81B44D10A}.Debug|Any CPU.ActiveCfg = Debug|Any CPU
		{B7FFEEA5-D0AB-49D5-891A-36E81B44D10A}.Debug|Any CPU.Build.0 = Debug|Any CPU
		{B7FFEEA5-D0AB-49D5-891A-36E81B44D10A}.Release|Any CPU.ActiveCfg = Release|Any CPU
		{B7FFEEA5-D0AB-49D5-891A-36E81B44D10A}.Release|Any CPU.Build.0 = Release|Any CPU
		{49955064-C45B-466A-BBE2-EC59EB5EDE09}.Debug|Any CPU.ActiveCfg = Debug|Any CPU
		{49955064-C45B-466A-BBE2-EC59EB5EDE09}.Debug|Any CPU.Build.0 = Debug|Any CPU
		{49955064-C45B-466A-BBE2-EC59EB5EDE09}.Release|Any CPU.ActiveCfg = Release|Any CPU
		{49955064-C45B-466A-BBE2-EC59EB5EDE09}.Release|Any CPU.Build.0 = Release|Any CPU
		{AD07F93E-036E-4360-BD89-C207A414C974}.Debug|Any CPU.ActiveCfg = Debug|Any CPU
		{AD07F93E-036E-4360-BD89-C207A414C974}.Debug|Any CPU.Build.0 = Debug|Any CPU
		{AD07F93E-036E-4360-BD89-C207A414C974}.Release|Any CPU.ActiveCfg = Release|Any CPU
		{AD07F93E-036E-4360-BD89-C207A414C974}.Release|Any CPU.Build.0 = Release|Any CPU
	EndGlobalSection
EndGlobal
